
Microsoft Visual Studio Solution File, Format Version 12.00
# Visual Studio Version 17
VisualStudioVersion = 17.5.33424.131
MinimumVisualStudioVersion = 10.0.40219.1
Project("{FAE04EC0-301F-11D3-BF4B-00C04F79EFBC}") = "bai1", "bai1\bai1.csproj", "{2B1AAB23-09F7-4261-8350-D99DF47B74C2}"
EndProject
Project("{FAE04EC0-301F-11D3-BF4B-00C04F79EFBC}") = "bai2", "bai2\bai2.csproj", "{B48AA9F7-3E7F-455B-8775-64848C787061}"
EndProject
Project("{FAE04EC0-301F-11D3-BF4B-00C04F79EFBC}") = "bai3", "bai 3\bai3.csproj", "{5CE1EB05-14D1-4489-8422-8E8226E511E3}"
EndProject
Global
	GlobalSection(SolutionConfigurationPlatforms) = preSolution
		Debug|Any CPU = Debug|Any CPU
		Release|Any CPU = Release|Any CPU
	EndGlobalSection
	GlobalSection(ProjectConfigurationPlatforms) = postSolution
		{2B1AAB23-09F7-4261-8350-D99DF47B74C2}.Debug|Any CPU.ActiveCfg = Debug|Any CPU
		{2B1AAB23-09F7-4261-8350-D99DF47B74C2}.Debug|Any CPU.Build.0 = Debug|Any CPU
		{2B1AAB23-09F7-4261-8350-D99DF47B74C2}.Release|Any CPU.ActiveCfg = Release|Any CPU
		{2B1AAB23-09F7-4261-8350-D99DF47B74C2}.Release|Any CPU.Build.0 = Release|Any CPU
		{B48AA9F7-3E7F-455B-8775-64848C787061}.Debug|Any CPU.ActiveCfg = Debug|Any CPU
		{B48AA9F7-3E7F-455B-8775-64848C787061}.Debug|Any CPU.Build.0 = Debug|Any CPU
		{B48AA9F7-3E7F-455B-8775-64848C787061}.Release|Any CPU.ActiveCfg = Release|Any CPU
		{B48AA9F7-3E7F-455B-8775-64848C787061}.Release|Any CPU.Build.0 = Release|Any CPU
		{5CE1EB05-14D1-4489-8422-8E8226E511E3}.Debug|Any CPU.ActiveCfg = Debug|Any CPU
		{5CE1EB05-14D1-4489-8422-8E8226E511E3}.Debug|Any CPU.Build.0 = Debug|Any CPU
		{5CE1EB05-14D1-4489-8422-8E8226E511E3}.Release|Any CPU.ActiveCfg = Release|Any CPU
		{5CE1EB05-14D1-4489-8422-8E8226E511E3}.Release|Any CPU.Build.0 = Release|Any CPU
	EndGlobalSection
	GlobalSection(SolutionProperties) = preSolution
		HideSolutionNode = FALSE
	EndGlobalSection
	GlobalSection(ExtensibilityGlobals) = postSolution
		SolutionGuid = {D6766869-AE8F-4A03-9243-5A629BB05CD1}
	EndGlobalSection
EndGlobal
