
Microsoft Visual Studio Solution File, Format Version 12.00
# Visual Studio Version 17
VisualStudioVersion = 17.5.33424.131
MinimumVisualStudioVersion = 10.0.40219.1
Project("{FAE04EC0-301F-11D3-BF4B-00C04F79EFBC}") = "Bai1", "Bài1\Bai1.csproj", "{A4FE009B-6FD3-45C3-B909-BA19AE5FD4DC}"
EndProject
Project("{FAE04EC0-301F-11D3-BF4B-00C04F79EFBC}") = "Bai2", "Bài2\Bai2.csproj", "{4AE714E3-C57C-4249-B998-B32AC84A2D75}"
EndProject
Project("{FAE04EC0-301F-11D3-BF4B-00C04F79EFBC}") = "Bai3", "bài3\Bai3.csproj", "{CAD05D21-ADF9-43FC-BBA0-9853F0DA8634}"
EndProject
Project("{FAE04EC0-301F-11D3-BF4B-00C04F79EFBC}") = "LAB03", "LAB03_bai4\LAB03.csproj", "{43897549-58E1-4371-B931-D6454D690F59}"
EndProject
Global
	GlobalSection(SolutionConfigurationPlatforms) = preSolution
		Debug|Any CPU = Debug|Any CPU
		Release|Any CPU = Release|Any CPU
	EndGlobalSection
	GlobalSection(ProjectConfigurationPlatforms) = postSolution
		{A4FE009B-6FD3-45C3-B909-BA19AE5FD4DC}.Debug|Any CPU.ActiveCfg = Debug|Any CPU
		{A4FE009B-6FD3-45C3-B909-BA19AE5FD4DC}.Debug|Any CPU.Build.0 = Debug|Any CPU
		{A4FE009B-6FD3-45C3-B909-BA19AE5FD4DC}.Release|Any CPU.ActiveCfg = Release|Any CPU
		{A4FE009B-6FD3-45C3-B909-BA19AE5FD4DC}.Release|Any CPU.Build.0 = Release|Any CPU
		{4AE714E3-C57C-4249-B998-B32AC84A2D75}.Debug|Any CPU.ActiveCfg = Debug|Any CPU
		{4AE714E3-C57C-4249-B998-B32AC84A2D75}.Debug|Any CPU.Build.0 = Debug|Any CPU
		{4AE714E3-C57C-4249-B998-B32AC84A2D75}.Release|Any CPU.ActiveCfg = Release|Any CPU
		{4AE714E3-C57C-4249-B998-B32AC84A2D75}.Release|Any CPU.Build.0 = Release|Any CPU
		{CAD05D21-ADF9-43FC-BBA0-9853F0DA8634}.Debug|Any CPU.ActiveCfg = Debug|Any CPU
		{CAD05D21-ADF9-43FC-BBA0-9853F0DA8634}.Debug|Any CPU.Build.0 = Debug|Any CPU
		{CAD05D21-ADF9-43FC-BBA0-9853F0DA8634}.Release|Any CPU.ActiveCfg = Release|Any CPU
		{CAD05D21-ADF9-43FC-BBA0-9853F0DA8634}.Release|Any CPU.Build.0 = Release|Any CPU
		{43897549-58E1-4371-B931-D6454D690F59}.Debug|Any CPU.ActiveCfg = Debug|Any CPU
		{43897549-58E1-4371-B931-D6454D690F59}.Debug|Any CPU.Build.0 = Debug|Any CPU
		{43897549-58E1-4371-B931-D6454D690F59}.Release|Any CPU.ActiveCfg = Release|Any CPU
		{43897549-58E1-4371-B931-D6454D690F59}.Release|Any CPU.Build.0 = Release|Any CPU
	EndGlobalSection
	GlobalSection(SolutionProperties) = preSolution
		HideSolutionNode = FALSE
	EndGlobalSection
	GlobalSection(ExtensibilityGlobals) = postSolution
		SolutionGuid = {248A2A22-2AD7-4EE1-A1D3-4458AF3E3907}
	EndGlobalSection
EndGlobal
